// !$*UTF8*$!
{
	archiveVersion = 1;
	classes = {
	};
	objectVersion = 46;
	objects = {

/* Begin PBXBuildFile section */
		41FDC50E1AF5D11C00DBBA9C /* RNChartView.m in Sources */ = {isa = PBXBuildFile; fileRef = 41FDC50B1AF5D11C00DBBA9C /* RNChartView.m */; };
		41FDC50F1AF5D11C00DBBA9C /* RNChartViewManager.m in Sources */ = {isa = PBXBuildFile; fileRef = 41FDC50D1AF5D11C00DBBA9C /* RNChartViewManager.m */; };
		7FD1BAF31AF7EA6200987259 /* RNChartAxisView.m in Sources */ = {isa = PBXBuildFile; fileRef = 7FD1BAF01AF7EA6200987259 /* RNChartAxisView.m */; };
		7FD1BAF41AF7EA6200987259 /* RNChartPlotAreaView.m in Sources */ = {isa = PBXBuildFile; fileRef = 7FD1BAF21AF7EA6200987259 /* RNChartPlotAreaView.m */; };
/* End PBXBuildFile section */

/* Begin PBXCopyFilesBuildPhase section */
		41FDC4EE1AF5D0CF00DBBA9C /* CopyFiles */ = {
			isa = PBXCopyFilesBuildPhase;
			buildActionMask = 2147483647;
			dstPath = "include/$(PRODUCT_NAME)";
			dstSubfolderSpec = 16;
			files = (
			);
			runOnlyForDeploymentPostprocessing = 0;
		};
/* End PBXCopyFilesBuildPhase section */

/* Begin PBXFileReference section */
		41FDC4F01AF5D0CF00DBBA9C /* libRNChart.a */ = {isa = PBXFileReference; explicitFileType = archive.ar; includeInIndex = 0; path = libRNChart.a; sourceTree = BUILT_PRODUCTS_DIR; };
		41FDC50A1AF5D11C00DBBA9C /* RNChartView.h */ = {isa = PBXFileReference; fileEncoding = 4; lastKnownFileType = sourcecode.c.h; path = RNChartView.h; sourceTree = "<group>"; };
		41FDC50B1AF5D11C00DBBA9C /* RNChartView.m */ = {isa = PBXFileReference; fileEncoding = 4; lastKnownFileType = sourcecode.c.objc; path = RNChartView.m; sourceTree = "<group>"; };
		41FDC50C1AF5D11C00DBBA9C /* RNChartViewManager.h */ = {isa = PBXFileReference; fileEncoding = 4; lastKnownFileType = sourcecode.c.h; path = RNChartViewManager.h; sourceTree = "<group>"; };
		41FDC50D1AF5D11C00DBBA9C /* RNChartViewManager.m */ = {isa = PBXFileReference; fileEncoding = 4; lastKnownFileType = sourcecode.c.objc; path = RNChartViewManager.m; sourceTree = "<group>"; };
		7FD1BAEF1AF7EA6200987259 /* RNChartAxisView.h */ = {isa = PBXFileReference; fileEncoding = 4; lastKnownFileType = sourcecode.c.h; path = RNChartAxisView.h; sourceTree = "<group>"; };
		7FD1BAF01AF7EA6200987259 /* RNChartAxisView.m */ = {isa = PBXFileReference; fileEncoding = 4; lastKnownFileType = sourcecode.c.objc; path = RNChartAxisView.m; sourceTree = "<group>"; };
		7FD1BAF11AF7EA6200987259 /* RNChartPlotAreaView.h */ = {isa = PBXFileReference; fileEncoding = 4; lastKnownFileType = sourcecode.c.h; path = RNChartPlotAreaView.h; sourceTree = "<group>"; };
		7FD1BAF21AF7EA6200987259 /* RNChartPlotAreaView.m */ = {isa = PBXFileReference; fileEncoding = 4; lastKnownFileType = sourcecode.c.objc; path = RNChartPlotAreaView.m; sourceTree = "<group>"; };
/* End PBXFileReference section */

/* Begin PBXFrameworksBuildPhase section */
		41FDC4ED1AF5D0CF00DBBA9C /* Frameworks */ = {
			isa = PBXFrameworksBuildPhase;
			buildActionMask = 2147483647;
			files = (
			);
			runOnlyForDeploymentPostprocessing = 0;
		};
/* End PBXFrameworksBuildPhase section */

/* Begin PBXGroup section */
		41FDC4E71AF5D0CF00DBBA9C = {
			isa = PBXGroup;
			children = (
				7FD1BAEF1AF7EA6200987259 /* RNChartAxisView.h */,
				7FD1BAF01AF7EA6200987259 /* RNChartAxisView.m */,
				7FD1BAF11AF7EA6200987259 /* RNChartPlotAreaView.h */,
				7FD1BAF21AF7EA6200987259 /* RNChartPlotAreaView.m */,
				41FDC50A1AF5D11C00DBBA9C /* RNChartView.h */,
				41FDC50B1AF5D11C00DBBA9C /* RNChartView.m */,
				41FDC50C1AF5D11C00DBBA9C /* RNChartViewManager.h */,
				41FDC50D1AF5D11C00DBBA9C /* RNChartViewManager.m */,
				41FDC4F11AF5D0CF00DBBA9C /* Products */,
			);
			sourceTree = "<group>";
		};
		41FDC4F11AF5D0CF00DBBA9C /* Products */ = {
			isa = PBXGroup;
			children = (
				41FDC4F01AF5D0CF00DBBA9C /* libRNChart.a */,
			);
			name = Products;
			sourceTree = "<group>";
		};
/* End PBXGroup section */

/* Begin PBXNativeTarget section */
		41FDC4EF1AF5D0CF00DBBA9C /* RNChart */ = {
			isa = PBXNativeTarget;
			buildConfigurationList = 41FDC5041AF5D0CF00DBBA9C /* Build configuration list for PBXNativeTarget "RNChart" */;
			buildPhases = (
				41FDC4EC1AF5D0CF00DBBA9C /* Sources */,
				41FDC4ED1AF5D0CF00DBBA9C /* Frameworks */,
				41FDC4EE1AF5D0CF00DBBA9C /* CopyFiles */,
			);
			buildRules = (
			);
			dependencies = (
			);
			name = RNChart;
			productName = RNChart;
			productReference = 41FDC4F01AF5D0CF00DBBA9C /* libRNChart.a */;
			productType = "com.apple.product-type.library.static";
		};
/* End PBXNativeTarget section */

/* Begin PBXProject section */
		41FDC4E81AF5D0CF00DBBA9C /* Project object */ = {
			isa = PBXProject;
			attributes = {
				LastUpgradeCheck = 0630;
				ORGANIZATIONNAME = "Lochlan Wansbrough";
				TargetAttributes = {
					41FDC4EF1AF5D0CF00DBBA9C = {
						CreatedOnToolsVersion = 6.3.1;
					};
				};
			};
			buildConfigurationList = 41FDC4EB1AF5D0CF00DBBA9C /* Build configuration list for PBXProject "RNChart" */;
			compatibilityVersion = "Xcode 3.2";
			developmentRegion = English;
			hasScannedForEncodings = 0;
			knownRegions = (
				en,
			);
			mainGroup = 41FDC4E71AF5D0CF00DBBA9C;
			productRefGroup = 41FDC4F11AF5D0CF00DBBA9C /* Products */;
			projectDirPath = "";
			projectRoot = "";
			targets = (
				41FDC4EF1AF5D0CF00DBBA9C /* RNChart */,
			);
		};
/* End PBXProject section */

/* Begin PBXSourcesBuildPhase section */
		41FDC4EC1AF5D0CF00DBBA9C /* Sources */ = {
			isa = PBXSourcesBuildPhase;
			buildActionMask = 2147483647;
			files = (
				7FD1BAF31AF7EA6200987259 /* RNChartAxisView.m in Sources */,
				7FD1BAF41AF7EA6200987259 /* RNChartPlotAreaView.m in Sources */,
				41FDC50E1AF5D11C00DBBA9C /* RNChartView.m in Sources */,
				41FDC50F1AF5D11C00DBBA9C /* RNChartViewManager.m in Sources */,
			);
			runOnlyForDeploymentPostprocessing = 0;
		};
/* End PBXSourcesBuildPhase section */

/* Begin XCBuildConfiguration section */
		41FDC5021AF5D0CF00DBBA9C /* Debug */ = {
			isa = XCBuildConfiguration;
			buildSettings = {
				ALWAYS_SEARCH_USER_PATHS = NO;
				CLANG_CXX_LANGUAGE_STANDARD = "gnu++0x";
				CLANG_CXX_LIBRARY = "libc++";
				CLANG_ENABLE_MODULES = YES;
				CLANG_ENABLE_OBJC_ARC = YES;
				CLANG_WARN_BOOL_CONVERSION = YES;
				CLANG_WARN_CONSTANT_CONVERSION = YES;
				CLANG_WARN_DIRECT_OBJC_ISA_USAGE = YES_ERROR;
				CLANG_WARN_EMPTY_BODY = YES;
				CLANG_WARN_ENUM_CONVERSION = YES;
				CLANG_WARN_INT_CONVERSION = YES;
				CLANG_WARN_OBJC_ROOT_CLASS = YES_ERROR;
				CLANG_WARN_UNREACHABLE_CODE = YES;
				CLANG_WARN__DUPLICATE_METHOD_MATCH = YES;
				COPY_PHASE_STRIP = NO;
				DEBUG_INFORMATION_FORMAT = "dwarf-with-dsym";
				ENABLE_STRICT_OBJC_MSGSEND = YES;
				GCC_C_LANGUAGE_STANDARD = gnu99;
				GCC_DYNAMIC_NO_PIC = NO;
				GCC_NO_COMMON_BLOCKS = YES;
				GCC_OPTIMIZATION_LEVEL = 0;
				GCC_PREPROCESSOR_DEFINITIONS = (
					"DEBUG=1",
					"$(inherited)",
				);
				GCC_SYMBOLS_PRIVATE_EXTERN = NO;
				GCC_WARN_64_TO_32_BIT_CONVERSION = YES;
				GCC_WARN_ABOUT_RETURN_TYPE = YES_ERROR;
				GCC_WARN_UNDECLARED_SELECTOR = YES;
				GCC_WARN_UNINITIALIZED_AUTOS = YES_AGGRESSIVE;
				GCC_WARN_UNUSED_FUNCTION = YES;
				GCC_WARN_UNUSED_VARIABLE = YES;
				IPHONEOS_DEPLOYMENT_TARGET = 8.3;
				MTL_ENABLE_DEBUG_INFO = YES;
				ONLY_ACTIVE_ARCH = YES;
				SDKROOT = iphoneos;
			};
			name = Debug;
		};
		41FDC5031AF5D0CF00DBBA9C /* Release */ = {
			isa = XCBuildConfiguration;
			buildSettings = {
				ALWAYS_SEARCH_USER_PATHS = NO;
				CLANG_CXX_LANGUAGE_STANDARD = "gnu++0x";
				CLANG_CXX_LIBRARY = "libc++";
				CLANG_ENABLE_MODULES = YES;
				CLANG_ENABLE_OBJC_ARC = YES;
				CLANG_WARN_BOOL_CONVERSION = YES;
				CLANG_WARN_CONSTANT_CONVERSION = YES;
				CLANG_WARN_DIRECT_OBJC_ISA_USAGE = YES_ERROR;
				CLANG_WARN_EMPTY_BODY = YES;
				CLANG_WARN_ENUM_CONVERSION = YES;
				CLANG_WARN_INT_CONVERSION = YES;
				CLANG_WARN_OBJC_ROOT_CLASS = YES_ERROR;
				CLANG_WARN_UNREACHABLE_CODE = YES;
				CLANG_WARN__DUPLICATE_METHOD_MATCH = YES;
				COPY_PHASE_STRIP = NO;
				DEBUG_INFORMATION_FORMAT = "dwarf-with-dsym";
				ENABLE_NS_ASSERTIONS = NO;
				ENABLE_STRICT_OBJC_MSGSEND = YES;
				GCC_C_LANGUAGE_STANDARD = gnu99;
				GCC_NO_COMMON_BLOCKS = YES;
				GCC_WARN_64_TO_32_BIT_CONVERSION = YES;
				GCC_WARN_ABOUT_RETURN_TYPE = YES_ERROR;
				GCC_WARN_UNDECLARED_SELECTOR = YES;
				GCC_WARN_UNINITIALIZED_AUTOS = YES_AGGRESSIVE;
				GCC_WARN_UNUSED_FUNCTION = YES;
				GCC_WARN_UNUSED_VARIABLE = YES;
				IPHONEOS_DEPLOYMENT_TARGET = 8.3;
				MTL_ENABLE_DEBUG_INFO = NO;
				SDKROOT = iphoneos;
				VALIDATE_PRODUCT = YES;
			};
			name = Release;
		};
		41FDC5051AF5D0CF00DBBA9C /* Debug */ = {
			isa = XCBuildConfiguration;
			buildSettings = {
				HEADER_SEARCH_PATHS = (
					"$(inherited)",
					/Applications/Xcode.app/Contents/Developer/Toolchains/XcodeDefault.xctoolchain/usr/include,
					"$(SRCROOT)/../../React/**",
					"$(SRCROOT)/../../node_modules/react-native/React/**",
				);
				OTHER_LDFLAGS = "-ObjC";
				PRODUCT_NAME = "$(TARGET_NAME)";
				SKIP_INSTALL = YES;
			};
			name = Debug;
		};
		41FDC5061AF5D0CF00DBBA9C /* Release */ = {
			isa = XCBuildConfiguration;
			buildSettings = {
				HEADER_SEARCH_PATHS = (
					"$(inherited)",
					/Applications/Xcode.app/Contents/Developer/Toolchains/XcodeDefault.xctoolchain/usr/include,
					"$(SRCROOT)/../../React/**",
					"$(SRCROOT)/../../node_modules/react-native/React/**",
				);
				OTHER_LDFLAGS = "-ObjC";
				PRODUCT_NAME = "$(TARGET_NAME)";
				SKIP_INSTALL = YES;
			};
			name = Release;
		};
/* End XCBuildConfiguration section */

/* Begin XCConfigurationList section */
		41FDC4EB1AF5D0CF00DBBA9C /* Build configuration list for PBXProject "RNChart" */ = {
			isa = XCConfigurationList;
			buildConfigurations = (
				41FDC5021AF5D0CF00DBBA9C /* Debug */,
				41FDC5031AF5D0CF00DBBA9C /* Release */,
			);
			defaultConfigurationIsVisible = 0;
			defaultConfigurationName = Release;
		};
		41FDC5041AF5D0CF00DBBA9C /* Build configuration list for PBXNativeTarget "RNChart" */ = {
			isa = XCConfigurationList;
			buildConfigurations = (
				41FDC5051AF5D0CF00DBBA9C /* Debug */,
				41FDC5061AF5D0CF00DBBA9C /* Release */,
			);
			defaultConfigurationIsVisible = 0;
			defaultConfigurationName = Release;
		};
/* End XCConfigurationList section */
	};
	rootObject = 41FDC4E81AF5D0CF00DBBA9C /* Project object */;
}
